// !$*UTF8*$!
{
	archiveVersion = 1;
	classes = {
	};
	objectVersion = 50;
	objects = {

/* Begin PBXBuildFile section */
		6C7D8545213633E7000D6295 /* AppDelegate.m in Sources */ = {isa = PBXBuildFile; fileRef = 6C7D8544213633E7000D6295 /* AppDelegate.m */; };
		6C7D8548213633E7000D6295 /* ViewController.m in Sources */ = {isa = PBXBuildFile; fileRef = 6C7D8547213633E7000D6295 /* ViewController.m */; };
		6C7D854B213633E7000D6295 /* Main.storyboard in Resources */ = {isa = PBXBuildFile; fileRef = 6C7D8549213633E7000D6295 /* Main.storyboard */; };
		6C7D854D213633E9000D6295 /* Assets.xcassets in Resources */ = {isa = PBXBuildFile; fileRef = 6C7D854C213633E9000D6295 /* Assets.xcassets */; };
		6C7D8550213633E9000D6295 /* LaunchScreen.storyboard in Resources */ = {isa = PBXBuildFile; fileRef = 6C7D854E213633E9000D6295 /* LaunchScreen.storyboard */; };
		6C7D8553213633E9000D6295 /* main.m in Sources */ = {isa = PBXBuildFile; fileRef = 6C7D8552213633E9000D6295 /* main.m */; };
		6C7D8560213634B2000D6295 /* CornerTableViewCell.m in Sources */ = {isa = PBXBuildFile; fileRef = 6C7D855F213634B2000D6295 /* CornerTableViewCell.m */; };
		6C7D85682136465C000D6295 /* JPFPSStatus.m in Sources */ = {isa = PBXBuildFile; fileRef = 6C7D85672136465C000D6295 /* JPFPSStatus.m */; };
		6C7D856C213684EA000D6295 /* UIView+LMExtension.m in Sources */ = {isa = PBXBuildFile; fileRef = 6C7D856B213684EA000D6295 /* UIView+LMExtension.m */; };
		6C7D856F213684F6000D6295 /* UIImageView+LMExtension.m in Sources */ = {isa = PBXBuildFile; fileRef = 6C7D856E213684F6000D6295 /* UIImageView+LMExtension.m */; };
/* End PBXBuildFile section */

/* Begin PBXFileReference section */
		6C7D8540213633E7000D6295 /* CornerViewDemo.app */ = {isa = PBXFileReference; explicitFileType = wrapper.application; includeInIndex = 0; path = CornerViewDemo.app; sourceTree = BUILT_PRODUCTS_DIR; };
		6C7D8543213633E7000D6295 /* AppDelegate.h */ = {isa = PBXFileReference; lastKnownFileType = sourcecode.c.h; path = AppDelegate.h; sourceTree = "<group>"; };
		6C7D8544213633E7000D6295 /* AppDelegate.m */ = {isa = PBXFileReference; lastKnownFileType = sourcecode.c.objc; path = AppDelegate.m; sourceTree = "<group>"; };
		6C7D8546213633E7000D6295 /* ViewController.h */ = {isa = PBXFileReference; lastKnownFileType = sourcecode.c.h; path = ViewController.h; sourceTree = "<group>"; };
		6C7D8547213633E7000D6295 /* ViewController.m */ = {isa = PBXFileReference; lastKnownFileType = sourcecode.c.objc; path = ViewController.m; sourceTree = "<group>"; };
		6C7D854A213633E7000D6295 /* Base */ = {isa = PBXFileReference; lastKnownFileType = file.storyboard; name = Base; path = Base.lproj/Main.storyboard; sourceTree = "<group>"; };
		6C7D854C213633E9000D6295 /* Assets.xcassets */ = {isa = PBXFileReference; lastKnownFileType = folder.assetcatalog; path = Assets.xcassets; sourceTree = "<group>"; };
		6C7D854F213633E9000D6295 /* Base */ = {isa = PBXFileReference; lastKnownFileType = file.storyboard; name = Base; path = Base.lproj/LaunchScreen.storyboard; sourceTree = "<group>"; };
		6C7D8551213633E9000D6295 /* Info.plist */ = {isa = PBXFileReference; lastKnownFileType = text.plist.xml; path = Info.plist; sourceTree = "<group>"; };
		6C7D8552213633E9000D6295 /* main.m */ = {isa = PBXFileReference; lastKnownFileType = sourcecode.c.objc; path = main.m; sourceTree = "<group>"; };
		6C7D855E213634B2000D6295 /* CornerTableViewCell.h */ = {isa = PBXFileReference; lastKnownFileType = sourcecode.c.h; path = CornerTableViewCell.h; sourceTree = "<group>"; };
		6C7D855F213634B2000D6295 /* CornerTableViewCell.m */ = {isa = PBXFileReference; lastKnownFileType = sourcecode.c.objc; path = CornerTableViewCell.m; sourceTree = "<group>"; };
		6C7D85662136465C000D6295 /* JPFPSStatus.h */ = {isa = PBXFileReference; fileEncoding = 4; lastKnownFileType = sourcecode.c.h; path = JPFPSStatus.h; sourceTree = "<group>"; };
		6C7D85672136465C000D6295 /* JPFPSStatus.m */ = {isa = PBXFileReference; fileEncoding = 4; lastKnownFileType = sourcecode.c.objc; path = JPFPSStatus.m; sourceTree = "<group>"; };
		6C7D856A213684EA000D6295 /* UIView+LMExtension.h */ = {isa = PBXFileReference; lastKnownFileType = sourcecode.c.h; path = "UIView+LMExtension.h"; sourceTree = "<group>"; };
		6C7D856B213684EA000D6295 /* UIView+LMExtension.m */ = {isa = PBXFileReference; lastKnownFileType = sourcecode.c.objc; path = "UIView+LMExtension.m"; sourceTree = "<group>"; };
		6C7D856D213684F6000D6295 /* UIImageView+LMExtension.h */ = {isa = PBXFileReference; lastKnownFileType = sourcecode.c.h; path = "UIImageView+LMExtension.h"; sourceTree = "<group>"; };
		6C7D856E213684F6000D6295 /* UIImageView+LMExtension.m */ = {isa = PBXFileReference; lastKnownFileType = sourcecode.c.objc; path = "UIImageView+LMExtension.m"; sourceTree = "<group>"; };
/* End PBXFileReference section */

/* Begin PBXFrameworksBuildPhase section */
		6C7D853D213633E7000D6295 /* Frameworks */ = {
			isa = PBXFrameworksBuildPhase;
			buildActionMask = 2147483647;
			files = (
			);
			runOnlyForDeploymentPostprocessing = 0;
		};
/* End PBXFrameworksBuildPhase section */

/* Begin PBXGroup section */
		6C7D8537213633E7000D6295 = {
			isa = PBXGroup;
			children = (
				6C7D8542213633E7000D6295 /* CornerViewDemo */,
				6C7D8541213633E7000D6295 /* Products */,
			);
			sourceTree = "<group>";
		};
		6C7D8541213633E7000D6295 /* Products */ = {
			isa = PBXGroup;
			children = (
				6C7D8540213633E7000D6295 /* CornerViewDemo.app */,
			);
			name = Products;
			sourceTree = "<group>";
		};
		6C7D8542213633E7000D6295 /* CornerViewDemo */ = {
			isa = PBXGroup;
			children = (
				6C7D8569213684BE000D6295 /* CornerCategory */,
				6C7D856521364644000D6295 /* JPFPSStatus */,
				6C7D855D21363495000D6295 /* View */,
				6C7D855B21363488000D6295 /* Controller */,
				6C7D8543213633E7000D6295 /* AppDelegate.h */,
				6C7D8544213633E7000D6295 /* AppDelegate.m */,
				6C7D8549213633E7000D6295 /* Main.storyboard */,
				6C7D854C213633E9000D6295 /* Assets.xcassets */,
				6C7D854E213633E9000D6295 /* LaunchScreen.storyboard */,
				6C7D8551213633E9000D6295 /* Info.plist */,
				6C7D8552213633E9000D6295 /* main.m */,
			);
			path = CornerViewDemo;
			sourceTree = "<group>";
		};
		6C7D855B21363488000D6295 /* Controller */ = {
			isa = PBXGroup;
			children = (
				6C7D8546213633E7000D6295 /* ViewController.h */,
				6C7D8547213633E7000D6295 /* ViewController.m */,
			);
			path = Controller;
			sourceTree = "<group>";
		};
		6C7D855D21363495000D6295 /* View */ = {
			isa = PBXGroup;
			children = (
				6C7D855E213634B2000D6295 /* CornerTableViewCell.h */,
				6C7D855F213634B2000D6295 /* CornerTableViewCell.m */,
			);
			path = View;
			sourceTree = "<group>";
		};
		6C7D856521364644000D6295 /* JPFPSStatus */ = {
			isa = PBXGroup;
			children = (
				6C7D85662136465C000D6295 /* JPFPSStatus.h */,
				6C7D85672136465C000D6295 /* JPFPSStatus.m */,
			);
			path = JPFPSStatus;
			sourceTree = "<group>";
		};
		6C7D8569213684BE000D6295 /* CornerCategory */ = {
			isa = PBXGroup;
			children = (
				6C7D856A213684EA000D6295 /* UIView+LMExtension.h */,
				6C7D856B213684EA000D6295 /* UIView+LMExtension.m */,
				6C7D856D213684F6000D6295 /* UIImageView+LMExtension.h */,
				6C7D856E213684F6000D6295 /* UIImageView+LMExtension.m */,
			);
			path = CornerCategory;
			sourceTree = "<group>";
		};
/* End PBXGroup section */

/* Begin PBXNativeTarget section */
		6C7D853F213633E7000D6295 /* CornerViewDemo */ = {
			isa = PBXNativeTarget;
			buildConfigurationList = 6C7D8556213633E9000D6295 /* Build configuration list for PBXNativeTarget "CornerViewDemo" */;
			buildPhases = (
				6C7D853C213633E7000D6295 /* Sources */,
				6C7D853D213633E7000D6295 /* Frameworks */,
				6C7D853E213633E7000D6295 /* Resources */,
			);
			buildRules = (
			);
			dependencies = (
			);
			name = CornerViewDemo;
			productName = CornerViewDemo;
			productReference = 6C7D8540213633E7000D6295 /* CornerViewDemo.app */;
			productType = "com.apple.product-type.application";
		};
/* End PBXNativeTarget section */

/* Begin PBXProject section */
		6C7D8538213633E7000D6295 /* Project object */ = {
			isa = PBXProject;
			attributes = {
				LastUpgradeCheck = 0930;
				ORGANIZATIONNAME = Lemon;
				TargetAttributes = {
					6C7D853F213633E7000D6295 = {
						CreatedOnToolsVersion = 9.3;
					};
				};
			};
			buildConfigurationList = 6C7D853B213633E7000D6295 /* Build configuration list for PBXProject "CornerViewDemo" */;
			compatibilityVersion = "Xcode 9.3";
			developmentRegion = en;
			hasScannedForEncodings = 0;
			knownRegions = (
				en,
				Base,
			);
			mainGroup = 6C7D8537213633E7000D6295;
			productRefGroup = 6C7D8541213633E7000D6295 /* Products */;
			projectDirPath = "";
			projectRoot = "";
			targets = (
				6C7D853F213633E7000D6295 /* CornerViewDemo */,
			);
		};
/* End PBXProject section */

/* Begin PBXResourcesBuildPhase section */
		6C7D853E213633E7000D6295 /* Resources */ = {
			isa = PBXResourcesBuildPhase;
			buildActionMask = 2147483647;
			files = (
				6C7D8550213633E9000D6295 /* LaunchScreen.storyboard in Resources */,
				6C7D854D213633E9000D6295 /* Assets.xcassets in Resources */,
				6C7D854B213633E7000D6295 /* Main.storyboard in Resources */,
			);
			runOnlyForDeploymentPostprocessing = 0;
		};
/* End PBXResourcesBuildPhase section */

/* Begin PBXSourcesBuildPhase section */
		6C7D853C213633E7000D6295 /* Sources */ = {
			isa = PBXSourcesBuildPhase;
			buildActionMask = 2147483647;
			files = (
				6C7D856C213684EA000D6295 /* UIView+LMExtension.m in Sources */,
				6C7D856F213684F6000D6295 /* UIImageView+LMExtension.m in Sources */,
				6C7D8560213634B2000D6295 /* CornerTableViewCell.m in Sources */,
				6C7D8548213633E7000D6295 /* ViewController.m in Sources */,
				6C7D8553213633E9000D6295 /* main.m in Sources */,
				6C7D85682136465C000D6295 /* JPFPSStatus.m in Sources */,
				6C7D8545213633E7000D6295 /* AppDelegate.m in Sources */,
			);
			runOnlyForDeploymentPostprocessing = 0;
		};
/* End PBXSourcesBuildPhase section */

/* Begin PBXVariantGroup section */
		6C7D8549213633E7000D6295 /* Main.storyboard */ = {
			isa = PBXVariantGroup;
			children = (
				6C7D854A213633E7000D6295 /* Base */,
			);
			name = Main.storyboard;
			sourceTree = "<group>";
		};
		6C7D854E213633E9000D6295 /* LaunchScreen.storyboard */ = {
			isa = PBXVariantGroup;
			children = (
				6C7D854F213633E9000D6295 /* Base */,
			);
			name = LaunchScreen.storyboard;
			sourceTree = "<group>";
		};
/* End PBXVariantGroup section */

/* Begin XCBuildConfiguration section */
		6C7D8554213633E9000D6295 /* Debug */ = {
			isa = XCBuildConfiguration;
			buildSettings = {
				ALWAYS_SEARCH_USER_PATHS = NO;
				CLANG_ANALYZER_NONNULL = YES;
				CLANG_ANALYZER_NUMBER_OBJECT_CONVERSION = YES_AGGRESSIVE;
				CLANG_CXX_LANGUAGE_STANDARD = "gnu++14";
				CLANG_CXX_LIBRARY = "libc++";
				CLANG_ENABLE_MODULES = YES;
				CLANG_ENABLE_OBJC_ARC = YES;
				CLANG_ENABLE_OBJC_WEAK = YES;
				CLANG_WARN_BLOCK_CAPTURE_AUTORELEASING = YES;
				CLANG_WARN_BOOL_CONVERSION = YES;
				CLANG_WARN_COMMA = YES;
				CLANG_WARN_CONSTANT_CONVERSION = YES;
				CLANG_WARN_DEPRECATED_OBJC_IMPLEMENTATIONS = YES;
				CLANG_WARN_DIRECT_OBJC_ISA_USAGE = YES_ERROR;
				CLANG_WARN_DOCUMENTATION_COMMENTS = YES;
				CLANG_WARN_EMPTY_BODY = YES;
				CLANG_WARN_ENUM_CONVERSION = YES;
				CLANG_WARN_INFINITE_RECURSION = YES;
				CLANG_WARN_INT_CONVERSION = YES;
				CLANG_WARN_NON_LITERAL_NULL_CONVERSION = YES;
				CLANG_WARN_OBJC_IMPLICIT_RETAIN_SELF = YES;
				CLANG_WARN_OBJC_LITERAL_CONVERSION = YES;
				CLANG_WARN_OBJC_ROOT_CLASS = YES_ERROR;
				CLANG_WARN_RANGE_LOOP_ANALYSIS = YES;
				CLANG_WARN_STRICT_PROTOTYPES = YES;
				CLANG_WARN_SUSPICIOUS_MOVE = YES;
				CLANG_WARN_UNGUARDED_AVAILABILITY = YES_AGGRESSIVE;
				CLANG_WARN_UNREACHABLE_CODE = YES;
				CLANG_WARN__DUPLICATE_METHOD_MATCH = YES;
				CODE_SIGN_IDENTITY = "iPhone Developer";
				COPY_PHASE_STRIP = NO;
				DEBUG_INFORMATION_FORMAT = dwarf;
				ENABLE_STRICT_OBJC_MSGSEND = YES;
				ENABLE_TESTABILITY = YES;
				GCC_C_LANGUAGE_STANDARD = gnu11;
				GCC_DYNAMIC_NO_PIC = NO;
				GCC_NO_COMMON_BLOCKS = YES;
				GCC_OPTIMIZATION_LEVEL = 0;
				GCC_PREPROCESSOR_DEFINITIONS = (
					"DEBUG=1",
					"$(inherited)",
				);
				GCC_WARN_64_TO_32_BIT_CONVERSION = YES;
				GCC_WARN_ABOUT_RETURN_TYPE = YES_ERROR;
				GCC_WARN_UNDECLARED_SELECTOR = YES;
				GCC_WARN_UNINITIALIZED_AUTOS = YES_AGGRESSIVE;
				GCC_WARN_UNUSED_FUNCTION = YES;
				GCC_WARN_UNUSED_VARIABLE = YES;
				IPHONEOS_DEPLOYMENT_TARGET = 11.3;
				MTL_ENABLE_DEBUG_INFO = YES;
				ONLY_ACTIVE_ARCH = YES;
				SDKROOT = iphoneos;
			};
			name = Debug;
		};
		6C7D8555213633E9000D6295 /* Release */ = {
			isa = XCBuildConfiguration;
			buildSettings = {
				ALWAYS_SEARCH_USER_PATHS = NO;
				CLANG_ANALYZER_NONNULL = YES;
				CLANG_ANALYZER_NUMBER_OBJECT_CONVERSION = YES_AGGRESSIVE;
				CLANG_CXX_LANGUAGE_STANDARD = "gnu++14";
				CLANG_CXX_LIBRARY = "libc++";
				CLANG_ENABLE_MODULES = YES;
				CLANG_ENABLE_OBJC_ARC = YES;
				CLANG_ENABLE_OBJC_WEAK = YES;
				CLANG_WARN_BLOCK_CAPTURE_AUTORELEASING = YES;
				CLANG_WARN_BOOL_CONVERSION = YES;
				CLANG_WARN_COMMA = YES;
				CLANG_WARN_CONSTANT_CONVERSION = YES;
				CLANG_WARN_DEPRECATED_OBJC_IMPLEMENTATIONS = YES;
				CLANG_WARN_DIRECT_OBJC_ISA_USAGE = YES_ERROR;
				CLANG_WARN_DOCUMENTATION_COMMENTS = YES;
				CLANG_WARN_EMPTY_BODY = YES;
				CLANG_WARN_ENUM_CONVERSION = YES;
				CLANG_WARN_INFINITE_RECURSION = YES;
				CLANG_WARN_INT_CONVERSION = YES;
				CLANG_WARN_NON_LITERAL_NULL_CONVERSION = YES;
				CLANG_WARN_OBJC_IMPLICIT_RETAIN_SELF = YES;
				CLANG_WARN_OBJC_LITERAL_CONVERSION = YES;
				CLANG_WARN_OBJC_ROOT_CLASS = YES_ERROR;
				CLANG_WARN_RANGE_LOOP_ANALYSIS = YES;
				CLANG_WARN_STRICT_PROTOTYPES = YES;
				CLANG_WARN_SUSPICIOUS_MOVE = YES;
				CLANG_WARN_UNGUARDED_AVAILABILITY = YES_AGGRESSIVE;
				CLANG_WARN_UNREACHABLE_CODE = YES;
				CLANG_WARN__DUPLICATE_METHOD_MATCH = YES;
				CODE_SIGN_IDENTITY = "iPhone Developer";
				COPY_PHASE_STRIP = NO;
				DEBUG_INFORMATION_FORMAT = "dwarf-with-dsym";
				ENABLE_NS_ASSERTIONS = NO;
				ENABLE_STRICT_OBJC_MSGSEND = YES;
				GCC_C_LANGUAGE_STANDARD = gnu11;
				GCC_NO_COMMON_BLOCKS = YES;
				GCC_WARN_64_TO_32_BIT_CONVERSION = YES;
				GCC_WARN_ABOUT_RETURN_TYPE = YES_ERROR;
				GCC_WARN_UNDECLARED_SELECTOR = YES;
				GCC_WARN_UNINITIALIZED_AUTOS = YES_AGGRESSIVE;
				GCC_WARN_UNUSED_FUNCTION = YES;
				GCC_WARN_UNUSED_VARIABLE = YES;
				IPHONEOS_DEPLOYMENT_TARGET = 11.3;
				MTL_ENABLE_DEBUG_INFO = NO;
				SDKROOT = iphoneos;
				VALIDATE_PRODUCT = YES;
			};
			name = Release;
		};
		6C7D8557213633E9000D6295 /* Debug */ = {
			isa = XCBuildConfiguration;
			buildSettings = {
				ASSETCATALOG_COMPILER_APPICON_NAME = AppIcon;
				CODE_SIGN_STYLE = Automatic;
				DEVELOPMENT_TEAM = DXZ365TQ99;
				INFOPLIST_FILE = CornerViewDemo/Info.plist;
				IPHONEOS_DEPLOYMENT_TARGET = 10.0;
				LD_RUNPATH_SEARCH_PATHS = (
					"$(inherited)",
					"@executable_path/Frameworks",
				);
				PRODUCT_BUNDLE_IDENTIFIER = com.Lemon.CornerViewDemo;
				PRODUCT_NAME = "$(TARGET_NAME)";
				TARGETED_DEVICE_FAMILY = "1,2";
			};
			name = Debug;
		};
		6C7D8558213633E9000D6295 /* Release */ = {
			isa = XCBuildConfiguration;
			buildSettings = {
				ASSETCATALOG_COMPILER_APPICON_NAME = AppIcon;
				CODE_SIGN_STYLE = Automatic;
				DEVELOPMENT_TEAM = DXZ365TQ99;
				INFOPLIST_FILE = CornerViewDemo/Info.plist;
				IPHONEOS_DEPLOYMENT_TARGET = 10.0;
				LD_RUNPATH_SEARCH_PATHS = (
					"$(inherited)",
					"@executable_path/Frameworks",
				);
				PRODUCT_BUNDLE_IDENTIFIER = com.Lemon.CornerViewDemo;
				PRODUCT_NAME = "$(TARGET_NAME)";
				TARGETED_DEVICE_FAMILY = "1,2";
			};
			name = Release;
		};
/* End XCBuildConfiguration section */

/* Begin XCConfigurationList section */
		6C7D853B213633E7000D6295 /* Build configuration list for PBXProject "CornerViewDemo" */ = {
			isa = XCConfigurationList;
			buildConfigurations = (
				6C7D8554213633E9000D6295 /* Debug */,
				6C7D8555213633E9000D6295 /* Release */,
			);
			defaultConfigurationIsVisible = 0;
			defaultConfigurationName = Release;
		};
		6C7D8556213633E9000D6295 /* Build configuration list for PBXNativeTarget "CornerViewDemo" */ = {
			isa = XCConfigurationList;
			buildConfigurations = (
				6C7D8557213633E9000D6295 /* Debug */,
				6C7D8558213633E9000D6295 /* Release */,
			);
			defaultConfigurationIsVisible = 0;
			defaultConfigurationName = Release;
		};
/* End XCConfigurationList section */
	};
	rootObject = 6C7D8538213633E7000D6295 /* Project object */;
}
